
Microsoft Visual Studio Solution File, Format Version 12.00
# Visual Studio Version 16
VisualStudioVersion = 16.0.32002.261
MinimumVisualStudioVersion = 10.0.40219.1
Project("{FAE04EC0-301F-11D3-BF4B-00C04F79EFBC}") = "SistemaDeGraus", "SistemaDeGraus.csproj", "{352827A7-049F-428F-8067-56929A7DAD8B}"
EndProject
Global
	GlobalSection(SolutionConfigurationPlatforms) = preSolution
		Debug|Any CPU = Debug|Any CPU
		Release|Any CPU = Release|Any CPU
	EndGlobalSection
	GlobalSection(ProjectConfigurationPlatforms) = postSolution
		{352827A7-049F-428F-8067-56929A7DAD8B}.Debug|Any CPU.ActiveCfg = Debug|Any CPU
		{352827A7-049F-428F-8067-56929A7DAD8B}.Debug|Any CPU.Build.0 = Debug|Any CPU
		{352827A7-049F-428F-8067-56929A7DAD8B}.Release|Any CPU.ActiveCfg = Release|Any CPU
		{352827A7-049F-428F-8067-56929A7DAD8B}.Release|Any CPU.Build.0 = Release|Any CPU
	EndGlobalSection
	GlobalSection(SolutionProperties) = preSolution
		HideSolutionNode = FALSE
	EndGlobalSection
	GlobalSection(ExtensibilityGlobals) = postSolution
		SolutionGuid = {45258C8A-9CA4-464D-ABC0-31D8B38175C7}
	EndGlobalSection
EndGlobal
